
Microsoft Visual Studio Solution File, Format Version 12.00
# Visual Studio Version 16
VisualStudioVersion = 16.0.30404.54
MinimumVisualStudioVersion = 10.0.40219.1
Project("{9A19103F-16F7-4668-BE54-9A1E7A4F7556}") = "IPAddressRange", "IPAddressRange\IPAddressRange.csproj", "{D3DEA965-247F-4C4C-B3B0-44A039C75A5C}"
EndProject
Project("{2150E333-8FDC-42A3-9474-1A3956D46DE8}") = "README", "README", "{2377036E-5896-4E09-949F-4307D0A2F39D}"
	ProjectSection(SolutionItems) = preProject
		LICENSE = LICENSE
		README.md = README.md
		RELEASE-NOTES.txt = RELEASE-NOTES.txt
	EndProjectSection
EndProject
Project("{9A19103F-16F7-4668-BE54-9A1E7A4F7556}") = "IPAddressRange.Test", "IPAddressRange.Test\IPAddressRange.Test.csproj", "{9A01AF46-6AE0-425A-BD1E-6575122C6BAB}"
EndProject
Project("{FAE04EC0-301F-11D3-BF4B-00C04F79EFBC}") = "IPAddressRange.Benchmark", "IPAddressRange.Benchmark\IPAddressRange.Benchmark.csproj", "{7B7818F3-75BE-412B-A860-0FB3BDB1F5C0}"
EndProject
Global
	GlobalSection(SolutionConfigurationPlatforms) = preSolution
		Debug|Any CPU = Debug|Any CPU
		Release|Any CPU = Release|Any CPU
	EndGlobalSection
	GlobalSection(ProjectConfigurationPlatforms) = postSolution
		{D3DEA965-247F-4C4C-B3B0-44A039C75A5C}.Debug|Any CPU.ActiveCfg = Debug|Any CPU
		{D3DEA965-247F-4C4C-B3B0-44A039C75A5C}.Debug|Any CPU.Build.0 = Debug|Any CPU
		{D3DEA965-247F-4C4C-B3B0-44A039C75A5C}.Release|Any CPU.ActiveCfg = Release|Any CPU
		{D3DEA965-247F-4C4C-B3B0-44A039C75A5C}.Release|Any CPU.Build.0 = Release|Any CPU
		{9A01AF46-6AE0-425A-BD1E-6575122C6BAB}.Debug|Any CPU.ActiveCfg = Debug|Any CPU
		{9A01AF46-6AE0-425A-BD1E-6575122C6BAB}.Debug|Any CPU.Build.0 = Debug|Any CPU
		{9A01AF46-6AE0-425A-BD1E-6575122C6BAB}.Release|Any CPU.ActiveCfg = Release|Any CPU
		{9A01AF46-6AE0-425A-BD1E-6575122C6BAB}.Release|Any CPU.Build.0 = Release|Any CPU
		{7B7818F3-75BE-412B-A860-0FB3BDB1F5C0}.Debug|Any CPU.ActiveCfg = Debug|Any CPU
		{7B7818F3-75BE-412B-A860-0FB3BDB1F5C0}.Debug|Any CPU.Build.0 = Debug|Any CPU
		{7B7818F3-75BE-412B-A860-0FB3BDB1F5C0}.Release|Any CPU.ActiveCfg = Release|Any CPU
		{7B7818F3-75BE-412B-A860-0FB3BDB1F5C0}.Release|Any CPU.Build.0 = Release|Any CPU
	EndGlobalSection
	GlobalSection(SolutionProperties) = preSolution
		HideSolutionNode = FALSE
	EndGlobalSection
	GlobalSection(ExtensibilityGlobals) = postSolution
		SolutionGuid = {9159B037-A518-416B-A834-A1C80E85BEE4}
	EndGlobalSection
EndGlobal
